
Microsoft Visual Studio Solution File, Format Version 12.00
# Visual Studio Version 16
VisualStudioVersion = 16.0.29020.237
MinimumVisualStudioVersion = 10.0.40219.1
Project("{9A19103F-16F7-4668-BE54-9A1E7A4F7556}") = "MinteaCore", "MinteaCore\MinteaCore.csproj", "{88D1A84D-B02A-4CF4-BECA-DD7455F5B826}"
EndProject
Project("{9A19103F-16F7-4668-BE54-9A1E7A4F7556}") = "MinteaConsole", "MinteaConsole\MinteaConsole.csproj", "{CCF53B84-D509-4F45-9FC5-F32D59316693}"
EndProject
Global
	GlobalSection(SolutionConfigurationPlatforms) = preSolution
		Debug|Any CPU = Debug|Any CPU
		Release|Any CPU = Release|Any CPU
	EndGlobalSection
	GlobalSection(ProjectConfigurationPlatforms) = postSolution
		{88D1A84D-B02A-4CF4-BECA-DD7455F5B826}.Debug|Any CPU.ActiveCfg = Debug|Any CPU
		{88D1A84D-B02A-4CF4-BECA-DD7455F5B826}.Debug|Any CPU.Build.0 = Debug|Any CPU
		{88D1A84D-B02A-4CF4-BECA-DD7455F5B826}.Release|Any CPU.ActiveCfg = Release|Any CPU
		{88D1A84D-B02A-4CF4-BECA-DD7455F5B826}.Release|Any CPU.Build.0 = Release|Any CPU
		{CCF53B84-D509-4F45-9FC5-F32D59316693}.Debug|Any CPU.ActiveCfg = Debug|Any CPU
		{CCF53B84-D509-4F45-9FC5-F32D59316693}.Debug|Any CPU.Build.0 = Debug|Any CPU
		{CCF53B84-D509-4F45-9FC5-F32D59316693}.Release|Any CPU.ActiveCfg = Release|Any CPU
		{CCF53B84-D509-4F45-9FC5-F32D59316693}.Release|Any CPU.Build.0 = Release|Any CPU
	EndGlobalSection
	GlobalSection(SolutionProperties) = preSolution
		HideSolutionNode = FALSE
	EndGlobalSection
	GlobalSection(ExtensibilityGlobals) = postSolution
		SolutionGuid = {758EF89D-147D-485A-8F26-606163B783C2}
	EndGlobalSection
EndGlobal
